{
  "pins" : [
    {
      "identity" : "fakery",
      "kind" : "remoteSourceControl",
      "location" : "https://github.com/vadymmarkov/Fakery",
      "state" : {
        "revision" : "71cb3bf36a808534659d1248780c2bf3c4c4fc91",
        "version" : "5.1.0"
      }
    },
    {
      "identity" : "swift-syntax",
      "kind" : "remoteSourceControl",
      "location" : "https://github.com/apple/swift-syntax.git",
      "state" : {
        "revision" : "7bb5231dad28c6dceabf7a439867f39d2c105e4f",
        "version" : "509.0.0-swift-DEVELOPMENT-SNAPSHOT-2023-09-05-a"
      }
    }
  ],
  "version" : 2
}
